
Microsoft Visual Studio Solution File, Format Version 12.00
# Visual Studio Version 17
VisualStudioVersion = 17.1.32407.343
MinimumVisualStudioVersion = 10.0.40219.1
Project("{FAE04EC0-301F-11D3-BF4B-00C04F79EFBC}") = "TestProject2", "TestProject2.csproj", "{023B3E4C-3B06-4B44-8BD2-6E32E8C742BE}"
EndProject
Global
	GlobalSection(SolutionConfigurationPlatforms) = preSolution
		Debug|Any CPU = Debug|Any CPU
		Release|Any CPU = Release|Any CPU
	EndGlobalSection
	GlobalSection(ProjectConfigurationPlatforms) = postSolution
		{023B3E4C-3B06-4B44-8BD2-6E32E8C742BE}.Debug|Any CPU.ActiveCfg = Debug|Any CPU
		{023B3E4C-3B06-4B44-8BD2-6E32E8C742BE}.Debug|Any CPU.Build.0 = Debug|Any CPU
		{023B3E4C-3B06-4B44-8BD2-6E32E8C742BE}.Release|Any CPU.ActiveCfg = Release|Any CPU
		{023B3E4C-3B06-4B44-8BD2-6E32E8C742BE}.Release|Any CPU.Build.0 = Release|Any CPU
	EndGlobalSection
	GlobalSection(SolutionProperties) = preSolution
		HideSolutionNode = FALSE
	EndGlobalSection
	GlobalSection(ExtensibilityGlobals) = postSolution
		SolutionGuid = {611E4DDF-268A-408B-9B3C-B0228EC42DB0}
	EndGlobalSection
EndGlobal
